
Microsoft Visual Studio Solution File, Format Version 12.00
# Visual Studio Version 17
VisualStudioVersion = 17.4.33122.133
MinimumVisualStudioVersion = 10.0.40219.1
Project("{9A19103F-16F7-4668-BE54-9A1E7A4F7556}") = "IK_Project.Core", "IK_Project.Core\IK_Project.Core.csproj", "{9B019939-9FD5-4419-9CD0-0EE4C8CB56CC}"
EndProject
Project("{9A19103F-16F7-4668-BE54-9A1E7A4F7556}") = "IK_Project.Repository", "IK_Project.Repository\IK_Project.Repository.csproj", "{D4193DCD-79C4-4256-8BBC-CC4CA197E223}"
EndProject
Project("{9A19103F-16F7-4668-BE54-9A1E7A4F7556}") = "IK_Project.Service", "IK_Project.Service\IK_Project.Service.csproj", "{6BE7F4C8-8FCC-4911-87BA-E6BF6963A38D}"
EndProject
Project("{9A19103F-16F7-4668-BE54-9A1E7A4F7556}") = "IK_Project.Api", "IK_Project.Api\IK_Project.Api.csproj", "{AAF25187-3601-426F-9545-E6FF11C4F069}"
EndProject
Project("{9A19103F-16F7-4668-BE54-9A1E7A4F7556}") = "IK_Project.Web", "IK_Project.Web\IK_Project.Web.csproj", "{87E8C525-AA8D-4842-B987-EBCC3B7672DF}"
EndProject
Global
	GlobalSection(SolutionConfigurationPlatforms) = preSolution
		Debug|Any CPU = Debug|Any CPU
		Release|Any CPU = Release|Any CPU
	EndGlobalSection
	GlobalSection(ProjectConfigurationPlatforms) = postSolution
		{9B019939-9FD5-4419-9CD0-0EE4C8CB56CC}.Debug|Any CPU.ActiveCfg = Debug|Any CPU
		{9B019939-9FD5-4419-9CD0-0EE4C8CB56CC}.Debug|Any CPU.Build.0 = Debug|Any CPU
		{9B019939-9FD5-4419-9CD0-0EE4C8CB56CC}.Release|Any CPU.ActiveCfg = Release|Any CPU
		{9B019939-9FD5-4419-9CD0-0EE4C8CB56CC}.Release|Any CPU.Build.0 = Release|Any CPU
		{D4193DCD-79C4-4256-8BBC-CC4CA197E223}.Debug|Any CPU.ActiveCfg = Debug|Any CPU
		{D4193DCD-79C4-4256-8BBC-CC4CA197E223}.Debug|Any CPU.Build.0 = Debug|Any CPU
		{D4193DCD-79C4-4256-8BBC-CC4CA197E223}.Release|Any CPU.ActiveCfg = Release|Any CPU
		{D4193DCD-79C4-4256-8BBC-CC4CA197E223}.Release|Any CPU.Build.0 = Release|Any CPU
		{6BE7F4C8-8FCC-4911-87BA-E6BF6963A38D}.Debug|Any CPU.ActiveCfg = Debug|Any CPU
		{6BE7F4C8-8FCC-4911-87BA-E6BF6963A38D}.Debug|Any CPU.Build.0 = Debug|Any CPU
		{6BE7F4C8-8FCC-4911-87BA-E6BF6963A38D}.Release|Any CPU.ActiveCfg = Release|Any CPU
		{6BE7F4C8-8FCC-4911-87BA-E6BF6963A38D}.Release|Any CPU.Build.0 = Release|Any CPU
		{AAF25187-3601-426F-9545-E6FF11C4F069}.Debug|Any CPU.ActiveCfg = Debug|Any CPU
		{AAF25187-3601-426F-9545-E6FF11C4F069}.Debug|Any CPU.Build.0 = Debug|Any CPU
		{AAF25187-3601-426F-9545-E6FF11C4F069}.Release|Any CPU.ActiveCfg = Release|Any CPU
		{AAF25187-3601-426F-9545-E6FF11C4F069}.Release|Any CPU.Build.0 = Release|Any CPU
		{87E8C525-AA8D-4842-B987-EBCC3B7672DF}.Debug|Any CPU.ActiveCfg = Debug|Any CPU
		{87E8C525-AA8D-4842-B987-EBCC3B7672DF}.Debug|Any CPU.Build.0 = Debug|Any CPU
		{87E8C525-AA8D-4842-B987-EBCC3B7672DF}.Release|Any CPU.ActiveCfg = Release|Any CPU
		{87E8C525-AA8D-4842-B987-EBCC3B7672DF}.Release|Any CPU.Build.0 = Release|Any CPU
	EndGlobalSection
	GlobalSection(SolutionProperties) = preSolution
		HideSolutionNode = FALSE
	EndGlobalSection
	GlobalSection(ExtensibilityGlobals) = postSolution
		SolutionGuid = {918A8FD8-9CAA-46B4-8D3C-4ABCEE55DC53}
	EndGlobalSection
EndGlobal
